
Microsoft Visual Studio Solution File, Format Version 12.00
# Visual Studio Version 16
VisualStudioVersion = 25.0.1700.2
MinimumVisualStudioVersion = 10.0.40219.1
Project("{FAE04EC0-301F-11D3-BF4B-00C04F79EFBC}") = "RecipesBackend", "RecipesBackend\RecipesBackend.csproj", "{1B8DDEE9-C753-44FD-BFFE-BAE606D47D0E}"
EndProject
Global
	GlobalSection(SolutionConfigurationPlatforms) = preSolution
		Debug|Any CPU = Debug|Any CPU
		Release|Any CPU = Release|Any CPU
	EndGlobalSection
	GlobalSection(ProjectConfigurationPlatforms) = postSolution
		{1B8DDEE9-C753-44FD-BFFE-BAE606D47D0E}.Debug|Any CPU.ActiveCfg = Debug|Any CPU
		{1B8DDEE9-C753-44FD-BFFE-BAE606D47D0E}.Debug|Any CPU.Build.0 = Debug|Any CPU
		{1B8DDEE9-C753-44FD-BFFE-BAE606D47D0E}.Release|Any CPU.ActiveCfg = Release|Any CPU
		{1B8DDEE9-C753-44FD-BFFE-BAE606D47D0E}.Release|Any CPU.Build.0 = Release|Any CPU
	EndGlobalSection
	GlobalSection(SolutionProperties) = preSolution
		HideSolutionNode = FALSE
	EndGlobalSection
	GlobalSection(ExtensibilityGlobals) = postSolution
		SolutionGuid = {B81F5CE0-C40F-41B7-8575-748FCA0EDF22}
	EndGlobalSection
EndGlobal
